<Solution>
  <Folder Name="/src/">
    <Project Path="src/VivoKsu.App/VivoKsu.App.csproj" />
    <Project Path="src/VivoKsu.Bootstrapper/VivoKsu.Bootstrapper.csproj" />
  </Folder>
  <Folder Name="/tests/">
    <Project Path="tests/VivoKsu.App.Tests/VivoKsu.App.Tests.csproj" />
  </Folder>
</Solution>
